
Microsoft Visual Studio Solution File, Format Version 12.00
# Visual Studio Version 16
VisualStudioVersion = 16.0.31005.135
MinimumVisualStudioVersion = 10.0.40219.1
Project("{9A19103F-16F7-4668-BE54-9A1E7A4F7556}") = "Game", "Game\Game.csproj", "{B74AE991-090E-4BD3-BAE5-80D9BDB03D8F}"
EndProject
Project("{FAE04EC0-301F-11D3-BF4B-00C04F79EFBC}") = "Campaign", "Campaign\Campaign.csproj", "{23048F1E-34C5-4DF7-9BFC-74FFA27C9B38}"
EndProject
Global
	GlobalSection(SolutionConfigurationPlatforms) = preSolution
		Debug|Any CPU = Debug|Any CPU
		Release|Any CPU = Release|Any CPU
	EndGlobalSection
	GlobalSection(ProjectConfigurationPlatforms) = postSolution
		{B74AE991-090E-4BD3-BAE5-80D9BDB03D8F}.Debug|Any CPU.ActiveCfg = Debug|Any CPU
		{B74AE991-090E-4BD3-BAE5-80D9BDB03D8F}.Debug|Any CPU.Build.0 = Debug|Any CPU
		{B74AE991-090E-4BD3-BAE5-80D9BDB03D8F}.Release|Any CPU.ActiveCfg = Release|Any CPU
		{B74AE991-090E-4BD3-BAE5-80D9BDB03D8F}.Release|Any CPU.Build.0 = Release|Any CPU
		{23048F1E-34C5-4DF7-9BFC-74FFA27C9B38}.Debug|Any CPU.ActiveCfg = Debug|Any CPU
		{23048F1E-34C5-4DF7-9BFC-74FFA27C9B38}.Debug|Any CPU.Build.0 = Debug|Any CPU
		{23048F1E-34C5-4DF7-9BFC-74FFA27C9B38}.Release|Any CPU.ActiveCfg = Release|Any CPU
		{23048F1E-34C5-4DF7-9BFC-74FFA27C9B38}.Release|Any CPU.Build.0 = Release|Any CPU
	EndGlobalSection
	GlobalSection(SolutionProperties) = preSolution
		HideSolutionNode = FALSE
	EndGlobalSection
	GlobalSection(ExtensibilityGlobals) = postSolution
		SolutionGuid = {B09A26D9-7A72-4502-B9AB-E4BE67F08B54}
	EndGlobalSection
EndGlobal
